// !$*UTF8*$!
{
	archiveVersion = 1;
	classes = {
	};
	objectVersion = 56;
	objects = {

/* Begin PBXBuildFile section */
		884692FB2A40D00600038B23 /* SettingsViewController.swift in Sources */ = {isa = PBXBuildFile; fileRef = 884692FA2A40D00600038B23 /* SettingsViewController.swift */; };
		88CE18D92A40BDE8001EB99F /* AppDelegate.swift in Sources */ = {isa = PBXBuildFile; fileRef = 88CE18D82A40BDE8001EB99F /* AppDelegate.swift */; };
		88CE18DB2A40BDE8001EB99F /* SceneDelegate.swift in Sources */ = {isa = PBXBuildFile; fileRef = 88CE18DA2A40BDE8001EB99F /* SceneDelegate.swift */; };
		88CE18DD2A40BDE8001EB99F /* ViewController.swift in Sources */ = {isa = PBXBuildFile; fileRef = 88CE18DC2A40BDE8001EB99F /* ViewController.swift */; };
		88CE18E02A40BDE8001EB99F /* Main.storyboard in Resources */ = {isa = PBXBuildFile; fileRef = 88CE18DE2A40BDE8001EB99F /* Main.storyboard */; };
		88CE18E22A40BDE9001EB99F /* Assets.xcassets in Resources */ = {isa = PBXBuildFile; fileRef = 88CE18E12A40BDE9001EB99F /* Assets.xcassets */; };
		88CE18E52A40BDE9001EB99F /* LaunchScreen.storyboard in Resources */ = {isa = PBXBuildFile; fileRef = 88CE18E32A40BDE9001EB99F /* LaunchScreen.storyboard */; };
		9DD28B662A94B781007C6450 /* RandomNumber.swift in Sources */ = {isa = PBXBuildFile; fileRef = 9DD28B652A94B781007C6450 /* RandomNumber.swift */; };
/* End PBXBuildFile section */

/* Begin PBXFileReference section */
		884692FA2A40D00600038B23 /* SettingsViewController.swift */ = {isa = PBXFileReference; lastKnownFileType = sourcecode.swift; path = SettingsViewController.swift; sourceTree = "<group>"; };
		88CE18D52A40BDE8001EB99F /* Randomizer2.0.app */ = {isa = PBXFileReference; explicitFileType = wrapper.application; includeInIndex = 0; path = Randomizer2.0.app; sourceTree = BUILT_PRODUCTS_DIR; };
		88CE18D82A40BDE8001EB99F /* AppDelegate.swift */ = {isa = PBXFileReference; lastKnownFileType = sourcecode.swift; path = AppDelegate.swift; sourceTree = "<group>"; };
		88CE18DA2A40BDE8001EB99F /* SceneDelegate.swift */ = {isa = PBXFileReference; lastKnownFileType = sourcecode.swift; path = SceneDelegate.swift; sourceTree = "<group>"; };
		88CE18DC2A40BDE8001EB99F /* ViewController.swift */ = {isa = PBXFileReference; lastKnownFileType = sourcecode.swift; path = ViewController.swift; sourceTree = "<group>"; };
		88CE18DF2A40BDE8001EB99F /* Base */ = {isa = PBXFileReference; lastKnownFileType = file.storyboard; name = Base; path = Base.lproj/Main.storyboard; sourceTree = "<group>"; };
		88CE18E12A40BDE9001EB99F /* Assets.xcassets */ = {isa = PBXFileReference; lastKnownFileType = folder.assetcatalog; path = Assets.xcassets; sourceTree = "<group>"; };
		88CE18E42A40BDE9001EB99F /* Base */ = {isa = PBXFileReference; lastKnownFileType = file.storyboard; name = Base; path = Base.lproj/LaunchScreen.storyboard; sourceTree = "<group>"; };
		88CE18E62A40BDE9001EB99F /* Info.plist */ = {isa = PBXFileReference; lastKnownFileType = text.plist.xml; path = Info.plist; sourceTree = "<group>"; };
		9DD28B652A94B781007C6450 /* RandomNumber.swift */ = {isa = PBXFileReference; lastKnownFileType = sourcecode.swift; path = RandomNumber.swift; sourceTree = "<group>"; };
/* End PBXFileReference section */

/* Begin PBXFrameworksBuildPhase section */
		88CE18D22A40BDE8001EB99F /* Frameworks */ = {
			isa = PBXFrameworksBuildPhase;
			buildActionMask = 2147483647;
			files = (
			);
			runOnlyForDeploymentPostprocessing = 0;
		};
/* End PBXFrameworksBuildPhase section */

/* Begin PBXGroup section */
		88CE18CC2A40BDE8001EB99F = {
			isa = PBXGroup;
			children = (
				88CE18D72A40BDE8001EB99F /* Randomizer2.0 */,
				88CE18D62A40BDE8001EB99F /* Products */,
			);
			sourceTree = "<group>";
		};
		88CE18D62A40BDE8001EB99F /* Products */ = {
			isa = PBXGroup;
			children = (
				88CE18D52A40BDE8001EB99F /* Randomizer2.0.app */,
			);
			name = Products;
			sourceTree = "<group>";
		};
		88CE18D72A40BDE8001EB99F /* Randomizer2.0 */ = {
			isa = PBXGroup;
			children = (
				9DD28B642A94B758007C6450 /* Models */,
				9DD28B602A94B6F0007C6450 /* App */,
				9DD28B612A94B71B007C6450 /* ViewControllers */,
				9DD28B632A94B748007C6450 /* StoryBoards */,
				9DD28B622A94B731007C6450 /* Soursces */,
			);
			path = Randomizer2.0;
			sourceTree = "<group>";
		};
		9DD28B602A94B6F0007C6450 /* App */ = {
			isa = PBXGroup;
			children = (
				88CE18D82A40BDE8001EB99F /* AppDelegate.swift */,
				88CE18DA2A40BDE8001EB99F /* SceneDelegate.swift */,
				88CE18E62A40BDE9001EB99F /* Info.plist */,
			);
			path = App;
			sourceTree = "<group>";
		};
		9DD28B612A94B71B007C6450 /* ViewControllers */ = {
			isa = PBXGroup;
			children = (
				88CE18DC2A40BDE8001EB99F /* ViewController.swift */,
				884692FA2A40D00600038B23 /* SettingsViewController.swift */,
			);
			path = ViewControllers;
			sourceTree = "<group>";
		};
		9DD28B622A94B731007C6450 /* Soursces */ = {
			isa = PBXGroup;
			children = (
				88CE18E12A40BDE9001EB99F /* Assets.xcassets */,
			);
			path = Soursces;
			sourceTree = "<group>";
		};
		9DD28B632A94B748007C6450 /* StoryBoards */ = {
			isa = PBXGroup;
			children = (
				88CE18DE2A40BDE8001EB99F /* Main.storyboard */,
				88CE18E32A40BDE9001EB99F /* LaunchScreen.storyboard */,
			);
			path = StoryBoards;
			sourceTree = "<group>";
		};
		9DD28B642A94B758007C6450 /* Models */ = {
			isa = PBXGroup;
			children = (
				9DD28B652A94B781007C6450 /* RandomNumber.swift */,
			);
			path = Models;
			sourceTree = "<group>";
		};
/* End PBXGroup section */

/* Begin PBXNativeTarget section */
		88CE18D42A40BDE8001EB99F /* Randomizer2.0 */ = {
			isa = PBXNativeTarget;
			buildConfigurationList = 88CE18E92A40BDE9001EB99F /* Build configuration list for PBXNativeTarget "Randomizer2.0" */;
			buildPhases = (
				88CE18D12A40BDE8001EB99F /* Sources */,
				88CE18D22A40BDE8001EB99F /* Frameworks */,
				88CE18D32A40BDE8001EB99F /* Resources */,
			);
			buildRules = (
			);
			dependencies = (
			);
			name = Randomizer2.0;
			productName = Randomizer2.0;
			productReference = 88CE18D52A40BDE8001EB99F /* Randomizer2.0.app */;
			productType = "com.apple.product-type.application";
		};
/* End PBXNativeTarget section */

/* Begin PBXProject section */
		88CE18CD2A40BDE8001EB99F /* Project object */ = {
			isa = PBXProject;
			attributes = {
				BuildIndependentTargetsInParallel = 1;
				LastSwiftUpdateCheck = 1430;
				LastUpgradeCheck = 1430;
				TargetAttributes = {
					88CE18D42A40BDE8001EB99F = {
						CreatedOnToolsVersion = 14.3;
					};
				};
			};
			buildConfigurationList = 88CE18D02A40BDE8001EB99F /* Build configuration list for PBXProject "Randomizer2.0" */;
			compatibilityVersion = "Xcode 14.0";
			developmentRegion = en;
			hasScannedForEncodings = 0;
			knownRegions = (
				en,
				Base,
			);
			mainGroup = 88CE18CC2A40BDE8001EB99F;
			productRefGroup = 88CE18D62A40BDE8001EB99F /* Products */;
			projectDirPath = "";
			projectRoot = "";
			targets = (
				88CE18D42A40BDE8001EB99F /* Randomizer2.0 */,
			);
		};
/* End PBXProject section */

/* Begin PBXResourcesBuildPhase section */
		88CE18D32A40BDE8001EB99F /* Resources */ = {
			isa = PBXResourcesBuildPhase;
			buildActionMask = 2147483647;
			files = (
				88CE18E52A40BDE9001EB99F /* LaunchScreen.storyboard in Resources */,
				88CE18E22A40BDE9001EB99F /* Assets.xcassets in Resources */,
				88CE18E02A40BDE8001EB99F /* Main.storyboard in Resources */,
			);
			runOnlyForDeploymentPostprocessing = 0;
		};
/* End PBXResourcesBuildPhase section */

/* Begin PBXSourcesBuildPhase section */
		88CE18D12A40BDE8001EB99F /* Sources */ = {
			isa = PBXSourcesBuildPhase;
			buildActionMask = 2147483647;
			files = (
				88CE18DD2A40BDE8001EB99F /* ViewController.swift in Sources */,
				88CE18D92A40BDE8001EB99F /* AppDelegate.swift in Sources */,
				9DD28B662A94B781007C6450 /* RandomNumber.swift in Sources */,
				88CE18DB2A40BDE8001EB99F /* SceneDelegate.swift in Sources */,
				884692FB2A40D00600038B23 /* SettingsViewController.swift in Sources */,
			);
			runOnlyForDeploymentPostprocessing = 0;
		};
/* End PBXSourcesBuildPhase section */

/* Begin PBXVariantGroup section */
		88CE18DE2A40BDE8001EB99F /* Main.storyboard */ = {
			isa = PBXVariantGroup;
			children = (
				88CE18DF2A40BDE8001EB99F /* Base */,
			);
			name = Main.storyboard;
			sourceTree = "<group>";
		};
		88CE18E32A40BDE9001EB99F /* LaunchScreen.storyboard */ = {
			isa = PBXVariantGroup;
			children = (
				88CE18E42A40BDE9001EB99F /* Base */,
			);
			name = LaunchScreen.storyboard;
			sourceTree = "<group>";
		};
/* End PBXVariantGroup section */

/* Begin XCBuildConfiguration section */
		88CE18E72A40BDE9001EB99F /* Debug */ = {
			isa = XCBuildConfiguration;
			buildSettings = {
				ALWAYS_SEARCH_USER_PATHS = NO;
				CLANG_ANALYZER_NONNULL = YES;
				CLANG_ANALYZER_NUMBER_OBJECT_CONVERSION = YES_AGGRESSIVE;
				CLANG_CXX_LANGUAGE_STANDARD = "gnu++20";
				CLANG_ENABLE_MODULES = YES;
				CLANG_ENABLE_OBJC_ARC = YES;
				CLANG_ENABLE_OBJC_WEAK = YES;
				CLANG_WARN_BLOCK_CAPTURE_AUTORELEASING = YES;
				CLANG_WARN_BOOL_CONVERSION = YES;
				CLANG_WARN_COMMA = YES;
				CLANG_WARN_CONSTANT_CONVERSION = YES;
				CLANG_WARN_DEPRECATED_OBJC_IMPLEMENTATIONS = YES;
				CLANG_WARN_DIRECT_OBJC_ISA_USAGE = YES_ERROR;
				CLANG_WARN_DOCUMENTATION_COMMENTS = YES;
				CLANG_WARN_EMPTY_BODY = YES;
				CLANG_WARN_ENUM_CONVERSION = YES;
				CLANG_WARN_INFINITE_RECURSION = YES;
				CLANG_WARN_INT_CONVERSION = YES;
				CLANG_WARN_NON_LITERAL_NULL_CONVERSION = YES;
				CLANG_WARN_OBJC_IMPLICIT_RETAIN_SELF = YES;
				CLANG_WARN_OBJC_LITERAL_CONVERSION = YES;
				CLANG_WARN_OBJC_ROOT_CLASS = YES_ERROR;
				CLANG_WARN_QUOTED_INCLUDE_IN_FRAMEWORK_HEADER = YES;
				CLANG_WARN_RANGE_LOOP_ANALYSIS = YES;
				CLANG_WARN_STRICT_PROTOTYPES = YES;
				CLANG_WARN_SUSPICIOUS_MOVE = YES;
				CLANG_WARN_UNGUARDED_AVAILABILITY = YES_AGGRESSIVE;
				CLANG_WARN_UNREACHABLE_CODE = YES;
				CLANG_WARN__DUPLICATE_METHOD_MATCH = YES;
				COPY_PHASE_STRIP = NO;
				DEBUG_INFORMATION_FORMAT = dwarf;
				ENABLE_STRICT_OBJC_MSGSEND = YES;
				ENABLE_TESTABILITY = YES;
				GCC_C_LANGUAGE_STANDARD = gnu11;
				GCC_DYNAMIC_NO_PIC = NO;
				GCC_NO_COMMON_BLOCKS = YES;
				GCC_OPTIMIZATION_LEVEL = 0;
				GCC_PREPROCESSOR_DEFINITIONS = (
					"DEBUG=1",
					"$(inherited)",
				);
				GCC_WARN_64_TO_32_BIT_CONVERSION = YES;
				GCC_WARN_ABOUT_RETURN_TYPE = YES_ERROR;
				GCC_WARN_UNDECLARED_SELECTOR = YES;
				GCC_WARN_UNINITIALIZED_AUTOS = YES_AGGRESSIVE;
				GCC_WARN_UNUSED_FUNCTION = YES;
				GCC_WARN_UNUSED_VARIABLE = YES;
				IPHONEOS_DEPLOYMENT_TARGET = 16.4;
				MTL_ENABLE_DEBUG_INFO = INCLUDE_SOURCE;
				MTL_FAST_MATH = YES;
				ONLY_ACTIVE_ARCH = YES;
				SDKROOT = iphoneos;
				SWIFT_ACTIVE_COMPILATION_CONDITIONS = DEBUG;
				SWIFT_OPTIMIZATION_LEVEL = "-Onone";
			};
			name = Debug;
		};
		88CE18E82A40BDE9001EB99F /* Release */ = {
			isa = XCBuildConfiguration;
			buildSettings = {
				ALWAYS_SEARCH_USER_PATHS = NO;
				CLANG_ANALYZER_NONNULL = YES;
				CLANG_ANALYZER_NUMBER_OBJECT_CONVERSION = YES_AGGRESSIVE;
				CLANG_CXX_LANGUAGE_STANDARD = "gnu++20";
				CLANG_ENABLE_MODULES = YES;
				CLANG_ENABLE_OBJC_ARC = YES;
				CLANG_ENABLE_OBJC_WEAK = YES;
				CLANG_WARN_BLOCK_CAPTURE_AUTORELEASING = YES;
				CLANG_WARN_BOOL_CONVERSION = YES;
				CLANG_WARN_COMMA = YES;
				CLANG_WARN_CONSTANT_CONVERSION = YES;
				CLANG_WARN_DEPRECATED_OBJC_IMPLEMENTATIONS = YES;
				CLANG_WARN_DIRECT_OBJC_ISA_USAGE = YES_ERROR;
				CLANG_WARN_DOCUMENTATION_COMMENTS = YES;
				CLANG_WARN_EMPTY_BODY = YES;
				CLANG_WARN_ENUM_CONVERSION = YES;
				CLANG_WARN_INFINITE_RECURSION = YES;
				CLANG_WARN_INT_CONVERSION = YES;
				CLANG_WARN_NON_LITERAL_NULL_CONVERSION = YES;
				CLANG_WARN_OBJC_IMPLICIT_RETAIN_SELF = YES;
				CLANG_WARN_OBJC_LITERAL_CONVERSION = YES;
				CLANG_WARN_OBJC_ROOT_CLASS = YES_ERROR;
				CLANG_WARN_QUOTED_INCLUDE_IN_FRAMEWORK_HEADER = YES;
				CLANG_WARN_RANGE_LOOP_ANALYSIS = YES;
				CLANG_WARN_STRICT_PROTOTYPES = YES;
				CLANG_WARN_SUSPICIOUS_MOVE = YES;
				CLANG_WARN_UNGUARDED_AVAILABILITY = YES_AGGRESSIVE;
				CLANG_WARN_UNREACHABLE_CODE = YES;
				CLANG_WARN__DUPLICATE_METHOD_MATCH = YES;
				COPY_PHASE_STRIP = NO;
				DEBUG_INFORMATION_FORMAT = "dwarf-with-dsym";
				ENABLE_NS_ASSERTIONS = NO;
				ENABLE_STRICT_OBJC_MSGSEND = YES;
				GCC_C_LANGUAGE_STANDARD = gnu11;
				GCC_NO_COMMON_BLOCKS = YES;
				GCC_WARN_64_TO_32_BIT_CONVERSION = YES;
				GCC_WARN_ABOUT_RETURN_TYPE = YES_ERROR;
				GCC_WARN_UNDECLARED_SELECTOR = YES;
				GCC_WARN_UNINITIALIZED_AUTOS = YES_AGGRESSIVE;
				GCC_WARN_UNUSED_FUNCTION = YES;
				GCC_WARN_UNUSED_VARIABLE = YES;
				IPHONEOS_DEPLOYMENT_TARGET = 16.4;
				MTL_ENABLE_DEBUG_INFO = NO;
				MTL_FAST_MATH = YES;
				SDKROOT = iphoneos;
				SWIFT_COMPILATION_MODE = wholemodule;
				SWIFT_OPTIMIZATION_LEVEL = "-O";
				VALIDATE_PRODUCT = YES;
			};
			name = Release;
		};
		88CE18EA2A40BDE9001EB99F /* Debug */ = {
			isa = XCBuildConfiguration;
			buildSettings = {
				ASSETCATALOG_COMPILER_APPICON_NAME = AppIcon;
				ASSETCATALOG_COMPILER_GLOBAL_ACCENT_COLOR_NAME = AccentColor;
				CODE_SIGN_STYLE = Automatic;
				CURRENT_PROJECT_VERSION = 1;
				GENERATE_INFOPLIST_FILE = YES;
				INFOPLIST_FILE = Randomizer2.0/App/Info.plist;
				INFOPLIST_KEY_UIApplicationSupportsIndirectInputEvents = YES;
				INFOPLIST_KEY_UILaunchStoryboardName = LaunchScreen;
				INFOPLIST_KEY_UIMainStoryboardFile = Main;
				INFOPLIST_KEY_UISupportedInterfaceOrientations = UIInterfaceOrientationPortrait;
				INFOPLIST_KEY_UISupportedInterfaceOrientations_iPad = "UIInterfaceOrientationLandscapeLeft UIInterfaceOrientationLandscapeRight UIInterfaceOrientationPortrait UIInterfaceOrientationPortraitUpsideDown";
				LD_RUNPATH_SEARCH_PATHS = (
					"$(inherited)",
					"@executable_path/Frameworks",
				);
				MARKETING_VERSION = 1.0;
				PRODUCT_BUNDLE_IDENTIFIER = "CaptDK.Randomizer2-0";
				PRODUCT_NAME = "$(TARGET_NAME)";
				SUPPORTED_PLATFORMS = "iphoneos iphonesimulator";
				SUPPORTS_MACCATALYST = NO;
				SUPPORTS_MAC_DESIGNED_FOR_IPHONE_IPAD = NO;
				SWIFT_EMIT_LOC_STRINGS = YES;
				SWIFT_VERSION = 5.0;
				TARGETED_DEVICE_FAMILY = 1;
			};
			name = Debug;
		};
		88CE18EB2A40BDE9001EB99F /* Release */ = {
			isa = XCBuildConfiguration;
			buildSettings = {
				ASSETCATALOG_COMPILER_APPICON_NAME = AppIcon;
				ASSETCATALOG_COMPILER_GLOBAL_ACCENT_COLOR_NAME = AccentColor;
				CODE_SIGN_STYLE = Automatic;
				CURRENT_PROJECT_VERSION = 1;
				GENERATE_INFOPLIST_FILE = YES;
				INFOPLIST_FILE = Randomizer2.0/App/Info.plist;
				INFOPLIST_KEY_UIApplicationSupportsIndirectInputEvents = YES;
				INFOPLIST_KEY_UILaunchStoryboardName = LaunchScreen;
				INFOPLIST_KEY_UIMainStoryboardFile = Main;
				INFOPLIST_KEY_UISupportedInterfaceOrientations = UIInterfaceOrientationPortrait;
				INFOPLIST_KEY_UISupportedInterfaceOrientations_iPad = "UIInterfaceOrientationLandscapeLeft UIInterfaceOrientationLandscapeRight UIInterfaceOrientationPortrait UIInterfaceOrientationPortraitUpsideDown";
				LD_RUNPATH_SEARCH_PATHS = (
					"$(inherited)",
					"@executable_path/Frameworks",
				);
				MARKETING_VERSION = 1.0;
				PRODUCT_BUNDLE_IDENTIFIER = "CaptDK.Randomizer2-0";
				PRODUCT_NAME = "$(TARGET_NAME)";
				SUPPORTED_PLATFORMS = "iphoneos iphonesimulator";
				SUPPORTS_MACCATALYST = NO;
				SUPPORTS_MAC_DESIGNED_FOR_IPHONE_IPAD = NO;
				SWIFT_EMIT_LOC_STRINGS = YES;
				SWIFT_VERSION = 5.0;
				TARGETED_DEVICE_FAMILY = 1;
			};
			name = Release;
		};
/* End XCBuildConfiguration section */

/* Begin XCConfigurationList section */
		88CE18D02A40BDE8001EB99F /* Build configuration list for PBXProject "Randomizer2.0" */ = {
			isa = XCConfigurationList;
			buildConfigurations = (
				88CE18E72A40BDE9001EB99F /* Debug */,
				88CE18E82A40BDE9001EB99F /* Release */,
			);
			defaultConfigurationIsVisible = 0;
			defaultConfigurationName = Release;
		};
		88CE18E92A40BDE9001EB99F /* Build configuration list for PBXNativeTarget "Randomizer2.0" */ = {
			isa = XCConfigurationList;
			buildConfigurations = (
				88CE18EA2A40BDE9001EB99F /* Debug */,
				88CE18EB2A40BDE9001EB99F /* Release */,
			);
			defaultConfigurationIsVisible = 0;
			defaultConfigurationName = Release;
		};
/* End XCConfigurationList section */
	};
	rootObject = 88CE18CD2A40BDE8001EB99F /* Project object */;
}
